// !$*UTF8*$!
{
	archiveVersion = 1;
	classes = {
	};
	objectVersion = 50;
	objects = {

/* Begin PBXBuildFile section */
		86623BC124AA565600584416 /* AppDelegate.swift in Sources */ = {isa = PBXBuildFile; fileRef = 86623BC024AA565600584416 /* AppDelegate.swift */; };
		86623BC324AA565600584416 /* SceneDelegate.swift in Sources */ = {isa = PBXBuildFile; fileRef = 86623BC224AA565600584416 /* SceneDelegate.swift */; };
		86623BC524AA565600584416 /* ViewController.swift in Sources */ = {isa = PBXBuildFile; fileRef = 86623BC424AA565600584416 /* ViewController.swift */; };
		86623BC824AA565600584416 /* Main.storyboard in Resources */ = {isa = PBXBuildFile; fileRef = 86623BC624AA565600584416 /* Main.storyboard */; };
		86623BCB24AA565600584416 /* MyCoreDataDemoApp.xcdatamodeld in Sources */ = {isa = PBXBuildFile; fileRef = 86623BC924AA565600584416 /* MyCoreDataDemoApp.xcdatamodeld */; };
		86623BCD24AA565900584416 /* Assets.xcassets in Resources */ = {isa = PBXBuildFile; fileRef = 86623BCC24AA565900584416 /* Assets.xcassets */; };
		86623BD024AA565900584416 /* LaunchScreen.storyboard in Resources */ = {isa = PBXBuildFile; fileRef = 86623BCE24AA565900584416 /* LaunchScreen.storyboard */; };
/* End PBXBuildFile section */

/* Begin PBXFileReference section */
		86623BBD24AA565600584416 /* MyCoreDataDemoApp.app */ = {isa = PBXFileReference; explicitFileType = wrapper.application; includeInIndex = 0; path = MyCoreDataDemoApp.app; sourceTree = BUILT_PRODUCTS_DIR; };
		86623BC024AA565600584416 /* AppDelegate.swift */ = {isa = PBXFileReference; lastKnownFileType = sourcecode.swift; path = AppDelegate.swift; sourceTree = "<group>"; };
		86623BC224AA565600584416 /* SceneDelegate.swift */ = {isa = PBXFileReference; lastKnownFileType = sourcecode.swift; path = SceneDelegate.swift; sourceTree = "<group>"; };
		86623BC424AA565600584416 /* ViewController.swift */ = {isa = PBXFileReference; lastKnownFileType = sourcecode.swift; path = ViewController.swift; sourceTree = "<group>"; };
		86623BC724AA565600584416 /* Base */ = {isa = PBXFileReference; lastKnownFileType = file.storyboard; name = Base; path = Base.lproj/Main.storyboard; sourceTree = "<group>"; };
		86623BCA24AA565600584416 /* MyCoreDataDemoApp.xcdatamodel */ = {isa = PBXFileReference; lastKnownFileType = wrapper.xcdatamodel; path = MyCoreDataDemoApp.xcdatamodel; sourceTree = "<group>"; };
		86623BCC24AA565900584416 /* Assets.xcassets */ = {isa = PBXFileReference; lastKnownFileType = folder.assetcatalog; path = Assets.xcassets; sourceTree = "<group>"; };
		86623BCF24AA565900584416 /* Base */ = {isa = PBXFileReference; lastKnownFileType = file.storyboard; name = Base; path = Base.lproj/LaunchScreen.storyboard; sourceTree = "<group>"; };
		86623BD124AA565900584416 /* Info.plist */ = {isa = PBXFileReference; lastKnownFileType = text.plist.xml; path = Info.plist; sourceTree = "<group>"; };
/* End PBXFileReference section */

/* Begin PBXFrameworksBuildPhase section */
		86623BBA24AA565600584416 /* Frameworks */ = {
			isa = PBXFrameworksBuildPhase;
			buildActionMask = 2147483647;
			files = (
			);
			runOnlyForDeploymentPostprocessing = 0;
		};
/* End PBXFrameworksBuildPhase section */

/* Begin PBXGroup section */
		86623BB424AA565600584416 = {
			isa = PBXGroup;
			children = (
				86623BBF24AA565600584416 /* MyCoreDataDemoApp */,
				86623BBE24AA565600584416 /* Products */,
			);
			sourceTree = "<group>";
		};
		86623BBE24AA565600584416 /* Products */ = {
			isa = PBXGroup;
			children = (
				86623BBD24AA565600584416 /* MyCoreDataDemoApp.app */,
			);
			name = Products;
			sourceTree = "<group>";
		};
		86623BBF24AA565600584416 /* MyCoreDataDemoApp */ = {
			isa = PBXGroup;
			children = (
				86623BC024AA565600584416 /* AppDelegate.swift */,
				86623BC224AA565600584416 /* SceneDelegate.swift */,
				86623BC424AA565600584416 /* ViewController.swift */,
				86623BC624AA565600584416 /* Main.storyboard */,
				86623BCC24AA565900584416 /* Assets.xcassets */,
				86623BCE24AA565900584416 /* LaunchScreen.storyboard */,
				86623BD124AA565900584416 /* Info.plist */,
				86623BC924AA565600584416 /* MyCoreDataDemoApp.xcdatamodeld */,
			);
			path = MyCoreDataDemoApp;
			sourceTree = "<group>";
		};
/* End PBXGroup section */

/* Begin PBXNativeTarget section */
		86623BBC24AA565600584416 /* MyCoreDataDemoApp */ = {
			isa = PBXNativeTarget;
			buildConfigurationList = 86623BD424AA565900584416 /* Build configuration list for PBXNativeTarget "MyCoreDataDemoApp" */;
			buildPhases = (
				86623BB924AA565600584416 /* Sources */,
				86623BBA24AA565600584416 /* Frameworks */,
				86623BBB24AA565600584416 /* Resources */,
			);
			buildRules = (
			);
			dependencies = (
			);
			name = MyCoreDataDemoApp;
			productName = MyCoreDataDemoApp;
			productReference = 86623BBD24AA565600584416 /* MyCoreDataDemoApp.app */;
			productType = "com.apple.product-type.application";
		};
/* End PBXNativeTarget section */

/* Begin PBXProject section */
		86623BB524AA565600584416 /* Project object */ = {
			isa = PBXProject;
			attributes = {
				LastSwiftUpdateCheck = 1150;
				LastUpgradeCheck = 1150;
				ORGANIZATIONNAME = "Vladislav Cheremisov";
				TargetAttributes = {
					86623BBC24AA565600584416 = {
						CreatedOnToolsVersion = 11.5;
					};
				};
			};
			buildConfigurationList = 86623BB824AA565600584416 /* Build configuration list for PBXProject "MyCoreDataDemoApp" */;
			compatibilityVersion = "Xcode 9.3";
			developmentRegion = en;
			hasScannedForEncodings = 0;
			knownRegions = (
				en,
				Base,
			);
			mainGroup = 86623BB424AA565600584416;
			productRefGroup = 86623BBE24AA565600584416 /* Products */;
			projectDirPath = "";
			projectRoot = "";
			targets = (
				86623BBC24AA565600584416 /* MyCoreDataDemoApp */,
			);
		};
/* End PBXProject section */

/* Begin PBXResourcesBuildPhase section */
		86623BBB24AA565600584416 /* Resources */ = {
			isa = PBXResourcesBuildPhase;
			buildActionMask = 2147483647;
			files = (
				86623BD024AA565900584416 /* LaunchScreen.storyboard in Resources */,
				86623BCD24AA565900584416 /* Assets.xcassets in Resources */,
				86623BC824AA565600584416 /* Main.storyboard in Resources */,
			);
			runOnlyForDeploymentPostprocessing = 0;
		};
/* End PBXResourcesBuildPhase section */

/* Begin PBXSourcesBuildPhase section */
		86623BB924AA565600584416 /* Sources */ = {
			isa = PBXSourcesBuildPhase;
			buildActionMask = 2147483647;
			files = (
				86623BC524AA565600584416 /* ViewController.swift in Sources */,
				86623BCB24AA565600584416 /* MyCoreDataDemoApp.xcdatamodeld in Sources */,
				86623BC124AA565600584416 /* AppDelegate.swift in Sources */,
				86623BC324AA565600584416 /* SceneDelegate.swift in Sources */,
			);
			runOnlyForDeploymentPostprocessing = 0;
		};
/* End PBXSourcesBuildPhase section */

/* Begin PBXVariantGroup section */
		86623BC624AA565600584416 /* Main.storyboard */ = {
			isa = PBXVariantGroup;
			children = (
				86623BC724AA565600584416 /* Base */,
			);
			name = Main.storyboard;
			sourceTree = "<group>";
		};
		86623BCE24AA565900584416 /* LaunchScreen.storyboard */ = {
			isa = PBXVariantGroup;
			children = (
				86623BCF24AA565900584416 /* Base */,
			);
			name = LaunchScreen.storyboard;
			sourceTree = "<group>";
		};
/* End PBXVariantGroup section */

/* Begin XCBuildConfiguration section */
		86623BD224AA565900584416 /* Debug */ = {
			isa = XCBuildConfiguration;
			buildSettings = {
				ALWAYS_SEARCH_USER_PATHS = NO;
				CLANG_ANALYZER_NONNULL = YES;
				CLANG_ANALYZER_NUMBER_OBJECT_CONVERSION = YES_AGGRESSIVE;
				CLANG_CXX_LANGUAGE_STANDARD = "gnu++14";
				CLANG_CXX_LIBRARY = "libc++";
				CLANG_ENABLE_MODULES = YES;
				CLANG_ENABLE_OBJC_ARC = YES;
				CLANG_ENABLE_OBJC_WEAK = YES;
				CLANG_WARN_BLOCK_CAPTURE_AUTORELEASING = YES;
				CLANG_WARN_BOOL_CONVERSION = YES;
				CLANG_WARN_COMMA = YES;
				CLANG_WARN_CONSTANT_CONVERSION = YES;
				CLANG_WARN_DEPRECATED_OBJC_IMPLEMENTATIONS = YES;
				CLANG_WARN_DIRECT_OBJC_ISA_USAGE = YES_ERROR;
				CLANG_WARN_DOCUMENTATION_COMMENTS = YES;
				CLANG_WARN_EMPTY_BODY = YES;
				CLANG_WARN_ENUM_CONVERSION = YES;
				CLANG_WARN_INFINITE_RECURSION = YES;
				CLANG_WARN_INT_CONVERSION = YES;
				CLANG_WARN_NON_LITERAL_NULL_CONVERSION = YES;
				CLANG_WARN_OBJC_IMPLICIT_RETAIN_SELF = YES;
				CLANG_WARN_OBJC_LITERAL_CONVERSION = YES;
				CLANG_WARN_OBJC_ROOT_CLASS = YES_ERROR;
				CLANG_WARN_RANGE_LOOP_ANALYSIS = YES;
				CLANG_WARN_STRICT_PROTOTYPES = YES;
				CLANG_WARN_SUSPICIOUS_MOVE = YES;
				CLANG_WARN_UNGUARDED_AVAILABILITY = YES_AGGRESSIVE;
				CLANG_WARN_UNREACHABLE_CODE = YES;
				CLANG_WARN__DUPLICATE_METHOD_MATCH = YES;
				COPY_PHASE_STRIP = NO;
				DEBUG_INFORMATION_FORMAT = dwarf;
				ENABLE_STRICT_OBJC_MSGSEND = YES;
				ENABLE_TESTABILITY = YES;
				GCC_C_LANGUAGE_STANDARD = gnu11;
				GCC_DYNAMIC_NO_PIC = NO;
				GCC_NO_COMMON_BLOCKS = YES;
				GCC_OPTIMIZATION_LEVEL = 0;
				GCC_PREPROCESSOR_DEFINITIONS = (
					"DEBUG=1",
					"$(inherited)",
				);
				GCC_WARN_64_TO_32_BIT_CONVERSION = YES;
				GCC_WARN_ABOUT_RETURN_TYPE = YES_ERROR;
				GCC_WARN_UNDECLARED_SELECTOR = YES;
				GCC_WARN_UNINITIALIZED_AUTOS = YES_AGGRESSIVE;
				GCC_WARN_UNUSED_FUNCTION = YES;
				GCC_WARN_UNUSED_VARIABLE = YES;
				IPHONEOS_DEPLOYMENT_TARGET = 13.5;
				MTL_ENABLE_DEBUG_INFO = INCLUDE_SOURCE;
				MTL_FAST_MATH = YES;
				ONLY_ACTIVE_ARCH = YES;
				SDKROOT = iphoneos;
				SWIFT_ACTIVE_COMPILATION_CONDITIONS = DEBUG;
				SWIFT_OPTIMIZATION_LEVEL = "-Onone";
			};
			name = Debug;
		};
		86623BD324AA565900584416 /* Release */ = {
			isa = XCBuildConfiguration;
			buildSettings = {
				ALWAYS_SEARCH_USER_PATHS = NO;
				CLANG_ANALYZER_NONNULL = YES;
				CLANG_ANALYZER_NUMBER_OBJECT_CONVERSION = YES_AGGRESSIVE;
				CLANG_CXX_LANGUAGE_STANDARD = "gnu++14";
				CLANG_CXX_LIBRARY = "libc++";
				CLANG_ENABLE_MODULES = YES;
				CLANG_ENABLE_OBJC_ARC = YES;
				CLANG_ENABLE_OBJC_WEAK = YES;
				CLANG_WARN_BLOCK_CAPTURE_AUTORELEASING = YES;
				CLANG_WARN_BOOL_CONVERSION = YES;
				CLANG_WARN_COMMA = YES;
				CLANG_WARN_CONSTANT_CONVERSION = YES;
				CLANG_WARN_DEPRECATED_OBJC_IMPLEMENTATIONS = YES;
				CLANG_WARN_DIRECT_OBJC_ISA_USAGE = YES_ERROR;
				CLANG_WARN_DOCUMENTATION_COMMENTS = YES;
				CLANG_WARN_EMPTY_BODY = YES;
				CLANG_WARN_ENUM_CONVERSION = YES;
				CLANG_WARN_INFINITE_RECURSION = YES;
				CLANG_WARN_INT_CONVERSION = YES;
				CLANG_WARN_NON_LITERAL_NULL_CONVERSION = YES;
				CLANG_WARN_OBJC_IMPLICIT_RETAIN_SELF = YES;
				CLANG_WARN_OBJC_LITERAL_CONVERSION = YES;
				CLANG_WARN_OBJC_ROOT_CLASS = YES_ERROR;
				CLANG_WARN_RANGE_LOOP_ANALYSIS = YES;
				CLANG_WARN_STRICT_PROTOTYPES = YES;
				CLANG_WARN_SUSPICIOUS_MOVE = YES;
				CLANG_WARN_UNGUARDED_AVAILABILITY = YES_AGGRESSIVE;
				CLANG_WARN_UNREACHABLE_CODE = YES;
				CLANG_WARN__DUPLICATE_METHOD_MATCH = YES;
				COPY_PHASE_STRIP = NO;
				DEBUG_INFORMATION_FORMAT = "dwarf-with-dsym";
				ENABLE_NS_ASSERTIONS = NO;
				ENABLE_STRICT_OBJC_MSGSEND = YES;
				GCC_C_LANGUAGE_STANDARD = gnu11;
				GCC_NO_COMMON_BLOCKS = YES;
				GCC_WARN_64_TO_32_BIT_CONVERSION = YES;
				GCC_WARN_ABOUT_RETURN_TYPE = YES_ERROR;
				GCC_WARN_UNDECLARED_SELECTOR = YES;
				GCC_WARN_UNINITIALIZED_AUTOS = YES_AGGRESSIVE;
				GCC_WARN_UNUSED_FUNCTION = YES;
				GCC_WARN_UNUSED_VARIABLE = YES;
				IPHONEOS_DEPLOYMENT_TARGET = 13.5;
				MTL_ENABLE_DEBUG_INFO = NO;
				MTL_FAST_MATH = YES;
				SDKROOT = iphoneos;
				SWIFT_COMPILATION_MODE = wholemodule;
				SWIFT_OPTIMIZATION_LEVEL = "-O";
				VALIDATE_PRODUCT = YES;
			};
			name = Release;
		};
		86623BD524AA565900584416 /* Debug */ = {
			isa = XCBuildConfiguration;
			buildSettings = {
				ASSETCATALOG_COMPILER_APPICON_NAME = AppIcon;
				CODE_SIGN_STYLE = Automatic;
				DEVELOPMENT_TEAM = D28YKYJC2T;
				INFOPLIST_FILE = MyCoreDataDemoApp/Info.plist;
				LD_RUNPATH_SEARCH_PATHS = (
					"$(inherited)",
					"@executable_path/Frameworks",
				);
				PRODUCT_BUNDLE_IDENTIFIER = ru.vladislavcheremisov.MyCoreDataDemoApp;
				PRODUCT_NAME = "$(TARGET_NAME)";
				SWIFT_VERSION = 5.0;
				TARGETED_DEVICE_FAMILY = "1,2";
			};
			name = Debug;
		};
		86623BD624AA565900584416 /* Release */ = {
			isa = XCBuildConfiguration;
			buildSettings = {
				ASSETCATALOG_COMPILER_APPICON_NAME = AppIcon;
				CODE_SIGN_STYLE = Automatic;
				DEVELOPMENT_TEAM = D28YKYJC2T;
				INFOPLIST_FILE = MyCoreDataDemoApp/Info.plist;
				LD_RUNPATH_SEARCH_PATHS = (
					"$(inherited)",
					"@executable_path/Frameworks",
				);
				PRODUCT_BUNDLE_IDENTIFIER = ru.vladislavcheremisov.MyCoreDataDemoApp;
				PRODUCT_NAME = "$(TARGET_NAME)";
				SWIFT_VERSION = 5.0;
				TARGETED_DEVICE_FAMILY = "1,2";
			};
			name = Release;
		};
/* End XCBuildConfiguration section */

/* Begin XCConfigurationList section */
		86623BB824AA565600584416 /* Build configuration list for PBXProject "MyCoreDataDemoApp" */ = {
			isa = XCConfigurationList;
			buildConfigurations = (
				86623BD224AA565900584416 /* Debug */,
				86623BD324AA565900584416 /* Release */,
			);
			defaultConfigurationIsVisible = 0;
			defaultConfigurationName = Release;
		};
		86623BD424AA565900584416 /* Build configuration list for PBXNativeTarget "MyCoreDataDemoApp" */ = {
			isa = XCConfigurationList;
			buildConfigurations = (
				86623BD524AA565900584416 /* Debug */,
				86623BD624AA565900584416 /* Release */,
			);
			defaultConfigurationIsVisible = 0;
			defaultConfigurationName = Release;
		};
/* End XCConfigurationList section */

/* Begin XCVersionGroup section */
		86623BC924AA565600584416 /* MyCoreDataDemoApp.xcdatamodeld */ = {
			isa = XCVersionGroup;
			children = (
				86623BCA24AA565600584416 /* MyCoreDataDemoApp.xcdatamodel */,
			);
			currentVersion = 86623BCA24AA565600584416 /* MyCoreDataDemoApp.xcdatamodel */;
			path = MyCoreDataDemoApp.xcdatamodeld;
			sourceTree = "<group>";
			versionGroupType = wrapper.xcdatamodel;
		};
/* End XCVersionGroup section */
	};
	rootObject = 86623BB524AA565600584416 /* Project object */;
}
